
Microsoft Visual Studio Solution File, Format Version 12.00
# Visual Studio Version 16
VisualStudioVersion = 16.0.30621.155
MinimumVisualStudioVersion = 10.0.40219.1
Project("{FAE04EC0-301F-11D3-BF4B-00C04F79EFBC}") = "Pokemon", "Pokemon\Pokemon.csproj", "{7061362F-37EE-4990-836E-633FD490D993}"
EndProject
Global
	GlobalSection(SolutionConfigurationPlatforms) = preSolution
		Debug|Any CPU = Debug|Any CPU
		Release|Any CPU = Release|Any CPU
	EndGlobalSection
	GlobalSection(ProjectConfigurationPlatforms) = postSolution
		{7061362F-37EE-4990-836E-633FD490D993}.Debug|Any CPU.ActiveCfg = Debug|Any CPU
		{7061362F-37EE-4990-836E-633FD490D993}.Debug|Any CPU.Build.0 = Debug|Any CPU
		{7061362F-37EE-4990-836E-633FD490D993}.Release|Any CPU.ActiveCfg = Release|Any CPU
		{7061362F-37EE-4990-836E-633FD490D993}.Release|Any CPU.Build.0 = Release|Any CPU
	EndGlobalSection
	GlobalSection(SolutionProperties) = preSolution
		HideSolutionNode = FALSE
	EndGlobalSection
	GlobalSection(ExtensibilityGlobals) = postSolution
		SolutionGuid = {BE178390-5D1A-4ECD-9294-35F148CCEF5F}
	EndGlobalSection
EndGlobal
